
Microsoft Visual Studio Solution File, Format Version 12.00
# Visual Studio Version 16
VisualStudioVersion = 16.0.29209.62
MinimumVisualStudioVersion = 10.0.40219.1
Project("{FAE04EC0-301F-11D3-BF4B-00C04F79EFBC}") = "FFMPEG_Wrapper", "FFMPEG_Wrapper\FFMPEG_Wrapper.csproj", "{B6F25A13-0D74-4578-8795-915B16CF017A}"
EndProject
Global
	GlobalSection(SolutionConfigurationPlatforms) = preSolution
		Debug|Any CPU = Debug|Any CPU
		Release|Any CPU = Release|Any CPU
	EndGlobalSection
	GlobalSection(ProjectConfigurationPlatforms) = postSolution
		{B6F25A13-0D74-4578-8795-915B16CF017A}.Debug|Any CPU.ActiveCfg = Debug|Any CPU
		{B6F25A13-0D74-4578-8795-915B16CF017A}.Debug|Any CPU.Build.0 = Debug|Any CPU
		{B6F25A13-0D74-4578-8795-915B16CF017A}.Release|Any CPU.ActiveCfg = Release|Any CPU
		{B6F25A13-0D74-4578-8795-915B16CF017A}.Release|Any CPU.Build.0 = Release|Any CPU
	EndGlobalSection
	GlobalSection(SolutionProperties) = preSolution
		HideSolutionNode = FALSE
	EndGlobalSection
	GlobalSection(ExtensibilityGlobals) = postSolution
		SolutionGuid = {443D2BFC-7537-4CD1-BD58-9EE5C1BD470A}
		BuildVersion_StartDate = 2000/1/1
	EndGlobalSection
EndGlobal
